<?xml version="1.0" encoding="UTF-8" standalone="yes" ?>
<CodeBlocks_project_file>
	<FileVersion major="1" minor="6" />
	<Project>
		<Option title="ccp_server" />
		<Option pch_mode="2" />
		<Option compiler="gcc" />
		<Option virtualFolders="src\;include\;" />
		<Build>
			<Target title="Debug">
				<Option output="output/bin/Debug/ccp_server" prefix_auto="1" extension_auto="1" />
				<Option object_output="output/obj/Debug/" />
				<Option type="1" />
				<Option compiler="gcc" />
				<Compiler>
					<Add option="-g" />
					<Add option="-std=gnu++11 -lgdi32" />
					<Add directory="include" />
					<Add directory="src" />
				</Compiler>
				<Linker>
					<Add option="-lgdi32" />
				</Linker>
			</Target>
			<Target title="Release">
				<Option output="output/bin/Release/ccp_server" prefix_auto="1" extension_auto="1" />
				<Option object_output="output/obj/Release/" />
				<Option type="1" />
				<Option compiler="gcc" />
				<Compiler>
					<Add option="-O2" />
					<Add option="-std=gnu++11 -lgdi32" />
					<Add directory="include" />
					<Add directory="src" />
				</Compiler>
				<Linker>
					<Add option="-s" />
					<Add option="-lgdi32" />
				</Linker>
			</Target>
		</Build>
		<Compiler>
			<Add option="-Wall" />
			<Add option="-fexceptions" />
		</Compiler>
		<Unit filename="include/CImg.h">
			<Option virtualFolder="include/" />
		</Unit>
		<Unit filename="include/base.hpp">
			<Option virtualFolder="include/" />
		</Unit>
		<Unit filename="include/camera.hpp">
			<Option virtualFolder="include/" />
		</Unit>
		<Unit filename="include/catch.hpp">
			<Option virtualFolder="include/" />
		</Unit>
		<Unit filename="include/color.hpp">
			<Option virtualFolder="include/" />
		</Unit>
		<Unit filename="include/common.hpp">
			<Option virtualFolder="include/" />
		</Unit>
		<Unit filename="include/geometry.hpp">
			<Option virtualFolder="include/" />
		</Unit>
		<Unit filename="include/intersect_result.hpp">
			<Option virtualFolder="include/" />
		</Unit>
		<Unit filename="include/material.hpp">
			<Option virtualFolder="include/" />
		</Unit>
		<Unit filename="include/perspectivecamera.hpp">
			<Option virtualFolder="include/" />
		</Unit>
		<Unit filename="include/plane.hpp">
			<Option virtualFolder="include/" />
		</Unit>
		<Unit filename="include/ray.hpp">
			<Option virtualFolder="include/" />
		</Unit>
		<Unit filename="include/renderer.hpp">
			<Option virtualFolder="include/" />
		</Unit>
		<Unit filename="include/sphere.hpp">
			<Option virtualFolder="include/" />
		</Unit>
		<Unit filename="include/union.hpp">
			<Option virtualFolder="include/" />
		</Unit>
		<Unit filename="include/vector.hpp">
			<Option virtualFolder="include/" />
		</Unit>
		<Unit filename="src/color.cpp">
			<Option virtualFolder="src/" />
		</Unit>
		<Unit filename="src/common.cpp">
			<Option virtualFolder="src/" />
		</Unit>
		<Unit filename="src/geometry.cpp">
			<Option virtualFolder="src/" />
		</Unit>
		<Unit filename="src/intersect_result.cpp">
			<Option virtualFolder="src/" />
		</Unit>
		<Unit filename="src/main.cpp">
			<Option virtualFolder="src/" />
		</Unit>
		<Unit filename="src/material.cpp">
			<Option virtualFolder="src/" />
		</Unit>
		<Unit filename="src/perspectivecamera.cpp">
			<Option virtualFolder="src/" />
		</Unit>
		<Unit filename="src/plane.cpp">
			<Option virtualFolder="src/" />
		</Unit>
		<Unit filename="src/ray.cpp">
			<Option virtualFolder="src/" />
		</Unit>
		<Unit filename="src/renderer.cpp">
			<Option virtualFolder="src/" />
		</Unit>
		<Unit filename="src/sphere.cpp">
			<Option virtualFolder="src/" />
		</Unit>
		<Unit filename="src/union.cpp">
			<Option virtualFolder="src/" />
		</Unit>
		<Unit filename="src/vector.cpp">
			<Option virtualFolder="src/" />
		</Unit>
		<Extensions>
			<code_completion />
			<envvars />
			<debugger>
				<remote_debugging target="Debug">
					<options conn_type="0" serial_baud="115200" additional_cmds_before="&#x0A;" />
				</remote_debugging>
			</debugger>
		</Extensions>
	</Project>
</CodeBlocks_project_file>
